{
  "version": 4,
  "terraform_version": "1.5.6",
  "serial": 22,
  "lineage": "5336467e-18c7-5999-a373-ba72fc7f8315",
  "outputs": {
    "external_ip_address_vm_1": {
      "value": {
        "158.160.116.154": "terraform-1",
        "158.160.116.57": "terraform-0"
      },
      "type": [
        "object",
        {
          "158.160.116.154": "string",
          "158.160.116.57": "string"
        }
      ]
    }
  },
  "resources": [
    {
      "mode": "managed",
      "type": "yandex_compute_instance",
      "name": "vm",
      "provider": "provider[\"registry.terraform.io/yandex-cloud/yandex\"]",
      "instances": [
        {
          "index_key": 0,
          "schema_version": 1,
          "attributes": {
            "allow_recreate": null,
            "allow_stopping_for_update": null,
            "boot_disk": [
              {
                "auto_delete": true,
                "device_name": "fhm07gk2u1ngli4ct8nn",
                "disk_id": "fhm07gk2u1ngli4ct8nn",
                "initialize_params": [
                  {
                    "block_size": 4096,
                    "description": "",
                    "image_id": "fd8v0s6adqu3ui3rsuap",
                    "name": "",
                    "size": 5,
                    "snapshot_id": "",
                    "type": "network-hdd"
                  }
                ],
                "mode": "READ_WRITE"
              }
            ],
            "created_at": "2023-12-11T13:51:22Z",
            "description": "",
            "filesystem": [],
            "folder_id": "b1g4n64su4cklrhlua4b",
            "fqdn": "fhm5himjmh523od9f74t.auto.internal",
            "gpu_cluster_id": "",
            "hostname": "",
            "id": "fhm5himjmh523od9f74t",
            "labels": null,
            "local_disk": [],
            "metadata": {
              "ssh-keys": "ubuntu:ssh-rsa AAAAB3NzaC1yc2EAAAADAQABAAABgQCrsrVuhoieehrZfB1t8oeli6F4HgouucdyOsLE+O8FwO8rcOb+W/VNmDWPo1XIXno2QsjstCqA4SjY0IjBo7K0lwS/v6MvDpmrPBqeK4j1IHdl2baaLyh8DD9EVaALUVhdy6/9/yfgOhMLM5HP8RBgcCjQD231IUt8HQFY4dA5Hlg1HMjIVef+Nw1BiicLMeio5j81vfIbRRwdH4saDVu6xDi9Kr9s3DfpEIX487FZcW32BfM+My0NeagOFbK0/D5hQRrX7BgmAGyuWfo1zUPTgtqCXWP9bKdAW9lLp1fpNKgfHs1QbJFoMa2WqT2Xz9f22cz39g0qtjAygN40A6ouEOlzQd4ZlpkxOgzcsrOR9DMVkHzi9waxSz9wlF1KVXKii+Zkww1bOLvZmf6Wsd/pnU28pSZhLK+/3EQ03niqO5eogcTM+0MlT+FM4ygDsEcpVhCqHJoDaZ4gUuKvGI1sHsW79EXOBzkDZA1mN7NLQySXOB8EYPcXSRcGKf5z0gk= pavelkozlov@MacBookPro.local\n",
              "user-data": "#!/bin/bash\napt-get update\napt-get install -y nginx\nservice nginx start\nsed -i -- \"s/nginx/Yandex Cloud - ${HOSTNAME}/\" /var/www/html/index.nginx-debian.html\nEOF \n"
            },
            "metadata_options": [
              {
                "aws_v1_http_endpoint": 1,
                "aws_v1_http_token": 2,
                "gce_http_endpoint": 1,
                "gce_http_token": 1
              }
            ],
            "name": "terraform-0",
            "network_acceleration_type": "standard",
            "network_interface": [
              {
                "dns_record": [],
                "index": 0,
                "ip_address": "192.168.10.28",
                "ipv4": true,
                "ipv6": false,
                "ipv6_address": "",
                "ipv6_dns_record": [],
                "mac_address": "d0:0d:58:ca:d3:b4",
                "nat": true,
                "nat_dns_record": [],
                "nat_ip_address": "158.160.116.57",
                "nat_ip_version": "IPV4",
                "security_group_ids": [],
                "subnet_id": "e9boobihihgttqitsejo"
              }
            ],
            "placement_policy": [
              {
                "host_affinity_rules": [],
                "placement_group_id": ""
              }
            ],
            "platform_id": "standard-v1",
            "resources": [
              {
                "core_fraction": 100,
                "cores": 2,
                "gpus": 0,
                "memory": 2
              }
            ],
            "scheduling_policy": [
              {
                "preemptible": false
              }
            ],
            "secondary_disk": [],
            "service_account_id": "",
            "status": "running",
            "timeouts": null,
            "zone": "ru-central1-a"
          },
          "sensitive_attributes": [],
          "private": "eyJlMmJmYjczMC1lY2FhLTExZTYtOGY4OC0zNDM2M2JjN2M0YzAiOnsiY3JlYXRlIjozMDAwMDAwMDAwMDAsImRlbGV0ZSI6MzAwMDAwMDAwMDAwLCJ1cGRhdGUiOjMwMDAwMDAwMDAwMH0sInNjaGVtYV92ZXJzaW9uIjoiMSJ9",
          "dependencies": [
            "yandex_vpc_network.network-1",
            "yandex_vpc_subnet.subnet-1"
          ]
        },
        {
          "index_key": 1,
          "schema_version": 1,
          "attributes": {
            "allow_recreate": null,
            "allow_stopping_for_update": null,
            "boot_disk": [
              {
                "auto_delete": true,
                "device_name": "fhm31rgl6hv1k92rt357",
                "disk_id": "fhm31rgl6hv1k92rt357",
                "initialize_params": [
                  {
                    "block_size": 4096,
                    "description": "",
                    "image_id": "fd8v0s6adqu3ui3rsuap",
                    "name": "",
                    "size": 5,
                    "snapshot_id": "",
                    "type": "network-hdd"
                  }
                ],
                "mode": "READ_WRITE"
              }
            ],
            "created_at": "2023-12-11T13:51:22Z",
            "description": "",
            "filesystem": [],
            "folder_id": "b1g4n64su4cklrhlua4b",
            "fqdn": "fhm8v14bp8u5ji9hrv99.auto.internal",
            "gpu_cluster_id": "",
            "hostname": "",
            "id": "fhm8v14bp8u5ji9hrv99",
            "labels": null,
            "local_disk": [],
            "metadata": {
              "ssh-keys": "ubuntu:ssh-rsa AAAAB3NzaC1yc2EAAAADAQABAAABgQCrsrVuhoieehrZfB1t8oeli6F4HgouucdyOsLE+O8FwO8rcOb+W/VNmDWPo1XIXno2QsjstCqA4SjY0IjBo7K0lwS/v6MvDpmrPBqeK4j1IHdl2baaLyh8DD9EVaALUVhdy6/9/yfgOhMLM5HP8RBgcCjQD231IUt8HQFY4dA5Hlg1HMjIVef+Nw1BiicLMeio5j81vfIbRRwdH4saDVu6xDi9Kr9s3DfpEIX487FZcW32BfM+My0NeagOFbK0/D5hQRrX7BgmAGyuWfo1zUPTgtqCXWP9bKdAW9lLp1fpNKgfHs1QbJFoMa2WqT2Xz9f22cz39g0qtjAygN40A6ouEOlzQd4ZlpkxOgzcsrOR9DMVkHzi9waxSz9wlF1KVXKii+Zkww1bOLvZmf6Wsd/pnU28pSZhLK+/3EQ03niqO5eogcTM+0MlT+FM4ygDsEcpVhCqHJoDaZ4gUuKvGI1sHsW79EXOBzkDZA1mN7NLQySXOB8EYPcXSRcGKf5z0gk= pavelkozlov@MacBookPro.local\n",
              "user-data": "#!/bin/bash\napt-get update\napt-get install -y nginx\nservice nginx start\nsed -i -- \"s/nginx/Yandex Cloud - ${HOSTNAME}/\" /var/www/html/index.nginx-debian.html\nEOF \n"
            },
            "metadata_options": [
              {
                "aws_v1_http_endpoint": 1,
                "aws_v1_http_token": 2,
                "gce_http_endpoint": 1,
                "gce_http_token": 1
              }
            ],
            "name": "terraform-1",
            "network_acceleration_type": "standard",
            "network_interface": [
              {
                "dns_record": [],
                "index": 0,
                "ip_address": "192.168.10.23",
                "ipv4": true,
                "ipv6": false,
                "ipv6_address": "",
                "ipv6_dns_record": [],
                "mac_address": "d0:0d:8f:84:8b:ca",
                "nat": true,
                "nat_dns_record": [],
                "nat_ip_address": "158.160.116.154",
                "nat_ip_version": "IPV4",
                "security_group_ids": [],
                "subnet_id": "e9boobihihgttqitsejo"
              }
            ],
            "placement_policy": [
              {
                "host_affinity_rules": [],
                "placement_group_id": ""
              }
            ],
            "platform_id": "standard-v1",
            "resources": [
              {
                "core_fraction": 100,
                "cores": 2,
                "gpus": 0,
                "memory": 2
              }
            ],
            "scheduling_policy": [
              {
                "preemptible": false
              }
            ],
            "secondary_disk": [],
            "service_account_id": "",
            "status": "running",
            "timeouts": null,
            "zone": "ru-central1-a"
          },
          "sensitive_attributes": [],
          "private": "eyJlMmJmYjczMC1lY2FhLTExZTYtOGY4OC0zNDM2M2JjN2M0YzAiOnsiY3JlYXRlIjozMDAwMDAwMDAwMDAsImRlbGV0ZSI6MzAwMDAwMDAwMDAwLCJ1cGRhdGUiOjMwMDAwMDAwMDAwMH0sInNjaGVtYV92ZXJzaW9uIjoiMSJ9",
          "dependencies": [
            "yandex_vpc_network.network-1",
            "yandex_vpc_subnet.subnet-1"
          ]
        }
      ]
    },
    {
      "mode": "managed",
      "type": "yandex_vpc_network",
      "name": "network-1",
      "provider": "provider[\"registry.terraform.io/yandex-cloud/yandex\"]",
      "instances": [
        {
          "schema_version": 0,
          "attributes": {
            "created_at": "2023-12-11T13:51:19Z",
            "default_security_group_id": "enpb5tavanu74icpdcai",
            "description": "",
            "folder_id": "b1g4n64su4cklrhlua4b",
            "id": "enp96fnv2rmgfoks53lh",
            "labels": {},
            "name": "network1",
            "subnet_ids": [],
            "timeouts": null
          },
          "sensitive_attributes": [],
          "private": "eyJlMmJmYjczMC1lY2FhLTExZTYtOGY4OC0zNDM2M2JjN2M0YzAiOnsiY3JlYXRlIjo2MDAwMDAwMDAwMCwiZGVsZXRlIjo2MDAwMDAwMDAwMCwidXBkYXRlIjo2MDAwMDAwMDAwMH19"
        }
      ]
    },
    {
      "mode": "managed",
      "type": "yandex_vpc_subnet",
      "name": "subnet-1",
      "provider": "provider[\"registry.terraform.io/yandex-cloud/yandex\"]",
      "instances": [
        {
          "index_key": 0,
          "schema_version": 0,
          "attributes": {
            "created_at": "2023-12-11T13:51:21Z",
            "description": "",
            "dhcp_options": [],
            "folder_id": "b1g4n64su4cklrhlua4b",
            "id": "e9boobihihgttqitsejo",
            "labels": {},
            "name": "subnet-0",
            "network_id": "enp96fnv2rmgfoks53lh",
            "route_table_id": "",
            "timeouts": null,
            "v4_cidr_blocks": [
              "192.168.10.0/24"
            ],
            "v6_cidr_blocks": [],
            "zone": "ru-central1-a"
          },
          "sensitive_attributes": [],
          "private": "eyJlMmJmYjczMC1lY2FhLTExZTYtOGY4OC0zNDM2M2JjN2M0YzAiOnsiY3JlYXRlIjoxODAwMDAwMDAwMDAsImRlbGV0ZSI6MTgwMDAwMDAwMDAwLCJ1cGRhdGUiOjE4MDAwMDAwMDAwMH19",
          "dependencies": [
            "yandex_vpc_network.network-1"
          ]
        }
      ]
    }
  ],
  "check_results": null
}
