{
  "version": 4,
  "terraform_version": "1.5.6",
  "serial": 12,
  "lineage": "e61f9b3a-6617-31b3-e079-5fbdc3b6c8f1",
  "outputs": {
    "folder_id": {
      "value": "b1g5vqmf4n53chda7694",
      "type": "string"
    }
  },
  "resources": [
    {
      "mode": "managed",
      "type": "yandex_resourcemanager_folder",
      "name": "folder",
      "provider": "provider[\"registry.terraform.io/yandex-cloud/yandex\"]",
      "instances": [
        {
          "schema_version": 0,
          "attributes": {
            "cloud_id": "b1gdpfn1c8tdi31r6e8j",
            "created_at": "2024-01-25T13:59:45Z",
            "description": "",
            "id": "b1g5vqmf4n53chda7694",
            "labels": null,
            "name": "vpn-f",
            "timeouts": null
          },
          "sensitive_attributes": [],
          "private": "eyJlMmJmYjczMC1lY2FhLTExZTYtOGY4OC0zNDM2M2JjN2M0YzAiOnsiY3JlYXRlIjo2MDAwMDAwMDAwMCwiZGVsZXRlIjoxODAwMDAwMDAwMDAwLCJyZWFkIjo2MDAwMDAwMDAwMCwidXBkYXRlIjo2MDAwMDAwMDAwMH19"
        }
      ]
    }
  ],
  "check_results": null
}
