{
  "version": 4,
  "terraform_version": "1.5.6",
  "serial": 35,
  "lineage": "01f44f1f-e6c2-c61b-22f8-9739217feaec",
  "outputs": {},
  "resources": [
    {
      "mode": "managed",
      "type": "yandex_iam_service_account",
      "name": "sa",
      "provider": "provider[\"registry.terraform.io/yandex-cloud/yandex\"]",
      "instances": [
        {
          "schema_version": 0,
          "attributes": {
            "created_at": "2024-01-25T15:07:26Z",
            "description": "Service account for managing Kubernetes cluster",
            "folder_id": "b1g4n64su4cklrhlua4b",
            "id": "ajenp1mmdr69r41tldft",
            "name": "my-service-account",
            "timeouts": null
          },
          "sensitive_attributes": [],
          "private": "eyJlMmJmYjczMC1lY2FhLTExZTYtOGY4OC0zNDM2M2JjN2M0YzAiOnsiY3JlYXRlIjo2MDAwMDAwMDAwMCwiZGVsZXRlIjo2MDAwMDAwMDAwMCwidXBkYXRlIjo2MDAwMDAwMDAwMH19"
        }
      ]
    },
    {
      "mode": "managed",
      "type": "yandex_kubernetes_cluster",
      "name": "my-cluster",
      "provider": "provider[\"registry.terraform.io/yandex-cloud/yandex\"]",
      "instances": [
        {
          "schema_version": 0,
          "attributes": {
            "cluster_ipv4_range": "10.112.0.0/16",
            "cluster_ipv6_range": "",
            "created_at": "2024-01-25T15:07:35Z",
            "description": "My Kubernetes cluster",
            "folder_id": "b1g4n64su4cklrhlua4b",
            "health": "healthy",
            "id": "catqm18nev9qfsdieqjv",
            "kms_provider": [],
            "labels": {},
            "log_group_id": "",
            "master": [
              {
                "cluster_ca_certificate": "-----BEGIN CERTIFICATE-----\nMIIC5zCCAc+gAwIBAgIBADANBgkqhkiG9w0BAQsFADAVMRMwEQYDVQQDEwprdWJl\ncm5ldGVzMB4XDTI0MDEyNTE1MDczN1oXDTM0MDEyMjE1MDczN1owFTETMBEGA1UE\nAxMKa3ViZXJuZXRlczCCASIwDQYJKoZIhvcNAQEBBQADggEPADCCAQoCggEBAK62\ndot82ECUv3383c9WhLDMrDseUGnvfy2hh2WVYFbgaSV6pTZyf0WPdRmukaPRLig7\nkWbgCv3OSa5dHNHjlhc1p9AYYaFB/1MvEKqLvUsn3OvFCW+R5XaE+gtMgQqcezNi\nwleNEtLzKdCoTUujNRgXFTeirzu1BNFgE19a1x1Rxm4lbcnBN/R9HuvLuagqiDlA\nS95OTyRc5959wCK04tKxDLCHcTBu8LKOQZgVba/vCvWrSViSjhWPvXnJwPnaQrIY\n7/W+wZB06l3wheptUjWwSa41Gg/Ujk0f0lGDv+9/r4k6JkMu+wS5VwxXr3RNDFkQ\nXwtmhMA4vw7sQExg0dkCAwEAAaNCMEAwDgYDVR0PAQH/BAQDAgKkMA8GA1UdEwEB\n/wQFMAMBAf8wHQYDVR0OBBYEFANERWlC429SOkyBlFcwlyLiQKPJMA0GCSqGSIb3\nDQEBCwUAA4IBAQA3uUf4FSguvAQxJ/w40Txw8Js7tNPywdv5i9p9oEooOnhIYSda\n5x/kJdm4OXekj9baqFM/jBZ3SCWQ2rKfNhcOQl8t12fxQJPPeCNQP2pULW8cSlYn\nKgGkIohytumVFwoZTZJXkyVe+ZtJHPpR7mxHwaRuPZ/VKK4OzHiIAYgbxA9wY0Nt\nTPOVDw9n54uYc3IF2R+pQll+JXgTURCOr/TeJV18gyB6+AAl84JLPqiTb/QJ2xLr\ndUksbV+cd0XAT2m5xKSlbu+BikGvgmV1KlO3VoZL/oyxyPqisbhBjeXF9QRt33r2\nNKihUAyJK/8iZFR2avjopp24j9aeZa148CWf\n-----END CERTIFICATE-----\n",
                "etcd_cluster_size": 1,
                "external_v4_address": "51.250.16.219",
                "external_v4_endpoint": "https://51.250.16.219",
                "external_v6_address": "",
                "external_v6_endpoint": "",
                "internal_v4_address": "10.5.0.11",
                "internal_v4_endpoint": "https://10.5.0.11",
                "maintenance_policy": [
                  {
                    "auto_upgrade": true,
                    "maintenance_window": []
                  }
                ],
                "master_location": [
                  {
                    "subnet_id": "e2l914kj255gonakldat",
                    "zone": "ru-central1-b"
                  }
                ],
                "master_logging": [],
                "public_ip": true,
                "regional": [],
                "security_group_ids": [],
                "version": "1.26",
                "version_info": [
                  {
                    "current_version": "1.26",
                    "new_revision_available": false,
                    "new_revision_summary": "",
                    "version_deprecated": false
                  }
                ],
                "zonal": [
                  {
                    "subnet_id": "e2l914kj255gonakldat",
                    "zone": "ru-central1-b"
                  }
                ]
              }
            ],
            "name": "my-cluster",
            "network_id": "enpintm5vtf57r1fqa1k",
            "network_implementation": [],
            "network_policy_provider": null,
            "node_ipv4_cidr_mask_size": 24,
            "node_service_account_id": "ajenp1mmdr69r41tldft",
            "release_channel": "REGULAR",
            "service_account_id": "ajenp1mmdr69r41tldft",
            "service_ipv4_range": "10.96.0.0/16",
            "service_ipv6_range": "",
            "status": "running",
            "timeouts": null
          },
          "sensitive_attributes": [],
          "private": "eyJlMmJmYjczMC1lY2FhLTExZTYtOGY4OC0zNDM2M2JjN2M0YzAiOnsiY3JlYXRlIjoxODAwMDAwMDAwMDAwLCJkZWxldGUiOjEyMDAwMDAwMDAwMDAsInJlYWQiOjMwMDAwMDAwMDAwMCwidXBkYXRlIjoxODAwMDAwMDAwMDAwfX0=",
          "dependencies": [
            "yandex_iam_service_account.sa",
            "yandex_resourcemanager_folder_iam_member.editor",
            "yandex_resourcemanager_folder_iam_member.images-puller",
            "yandex_vpc_network.k8s-network",
            "yandex_vpc_subnet.k8s-subnet"
          ]
        }
      ]
    },
    {
      "mode": "managed",
      "type": "yandex_kubernetes_node_group",
      "name": "testgroup",
      "provider": "provider[\"registry.terraform.io/yandex-cloud/yandex\"]",
      "instances": [
        {
          "schema_version": 0,
          "attributes": {
            "allocation_policy": [
              {
                "location": [
                  {
                    "subnet_id": "e2l914kj255gonakldat",
                    "zone": "ru-central1-b"
                  }
                ]
              }
            ],
            "allowed_unsafe_sysctls": [],
            "cluster_id": "catqm18nev9qfsdieqjv",
            "created_at": "2024-01-25T15:15:03Z",
            "deploy_policy": [
              {
                "max_expansion": 3,
                "max_unavailable": 0
              }
            ],
            "description": "",
            "id": "cats8pfkqtkvhhqq4p9a",
            "instance_group_id": "cl1g4v5rhg9kcghq7gqi",
            "instance_template": [
              {
                "boot_disk": [
                  {
                    "size": 64,
                    "type": "network-hdd"
                  }
                ],
                "container_network": [
                  {
                    "pod_mtu": 0
                  }
                ],
                "container_runtime": [
                  {
                    "type": "containerd"
                  }
                ],
                "gpu_settings": [],
                "labels": {},
                "metadata": {
                  "ssh-keys": "ubuntu:ssh-rsa AAAAB3NzaC1yc2EAAAADAQABAAABgQCrsrVuhoieehrZfB1t8oeli6F4HgouucdyOsLE+O8FwO8rcOb+W/VNmDWPo1XIXno2QsjstCqA4SjY0IjBo7K0lwS/v6MvDpmrPBqeK4j1IHdl2baaLyh8DD9EVaALUVhdy6/9/yfgOhMLM5HP8RBgcCjQD231IUt8HQFY4dA5Hlg1HMjIVef+Nw1BiicLMeio5j81vfIbRRwdH4saDVu6xDi9Kr9s3DfpEIX487FZcW32BfM+My0NeagOFbK0/D5hQRrX7BgmAGyuWfo1zUPTgtqCXWP9bKdAW9lLp1fpNKgfHs1QbJFoMa2WqT2Xz9f22cz39g0qtjAygN40A6ouEOlzQd4ZlpkxOgzcsrOR9DMVkHzi9waxSz9wlF1KVXKii+Zkww1bOLvZmf6Wsd/pnU28pSZhLK+/3EQ03niqO5eogcTM+0MlT+FM4ygDsEcpVhCqHJoDaZ4gUuKvGI1sHsW79EXOBzkDZA1mN7NLQySXOB8EYPcXSRcGKf5z0gk= pavelkozlov@MacBookPro.local\n"
                },
                "name": "test-{instance.short_id}-{instance_group.id}",
                "nat": true,
                "network_acceleration_type": "type_unspecified",
                "network_interface": [
                  {
                    "ipv4": true,
                    "ipv4_dns_records": [],
                    "ipv6": false,
                    "ipv6_dns_records": [],
                    "nat": true,
                    "security_group_ids": [],
                    "subnet_ids": [
                      "e2l914kj255gonakldat"
                    ]
                  }
                ],
                "placement_policy": [],
                "platform_id": "standard-v1",
                "resources": [
                  {
                    "core_fraction": 100,
                    "cores": 2,
                    "gpus": 0,
                    "memory": 2
                  }
                ],
                "scheduling_policy": [
                  {
                    "preemptible": false
                  }
                ]
              }
            ],
            "labels": {},
            "maintenance_policy": [
              {
                "auto_repair": true,
                "auto_upgrade": true,
                "maintenance_window": []
              }
            ],
            "name": "testgroup",
            "node_labels": {},
            "node_taints": [],
            "scale_policy": [
              {
                "auto_scale": [],
                "fixed_scale": [
                  {
                    "size": 1
                  }
                ]
              }
            ],
            "status": "running",
            "timeouts": null,
            "version": "1.26",
            "version_info": [
              {
                "current_version": "1.26",
                "new_revision_available": false,
                "new_revision_summary": "",
                "version_deprecated": false
              }
            ]
          },
          "sensitive_attributes": [],
          "private": "eyJlMmJmYjczMC1lY2FhLTExZTYtOGY4OC0zNDM2M2JjN2M0YzAiOnsiY3JlYXRlIjozNjAwMDAwMDAwMDAwLCJkZWxldGUiOjEyMDAwMDAwMDAwMDAsInJlYWQiOjYwMDAwMDAwMDAwMCwidXBkYXRlIjozNjAwMDAwMDAwMDAwfX0=",
          "dependencies": [
            "yandex_kubernetes_cluster.my-cluster",
            "yandex_vpc_subnet.k8s-subnet"
          ]
        }
      ]
    },
    {
      "mode": "managed",
      "type": "yandex_resourcemanager_folder_iam_member",
      "name": "editor",
      "provider": "provider[\"registry.terraform.io/yandex-cloud/yandex\"]",
      "instances": [
        {
          "schema_version": 0,
          "attributes": {
            "folder_id": "b1g4n64su4cklrhlua4b",
            "id": "b1g4n64su4cklrhlua4b/editor/serviceAccount:ajenp1mmdr69r41tldft",
            "member": "serviceAccount:ajenp1mmdr69r41tldft",
            "role": "editor",
            "sleep_after": null,
            "timeouts": null
          },
          "sensitive_attributes": [],
          "private": "eyJlMmJmYjczMC1lY2FhLTExZTYtOGY4OC0zNDM2M2JjN2M0YzAiOnsiY3JlYXRlIjo2MDAwMDAwMDAwMCwiZGVmYXVsdCI6NjAwMDAwMDAwMDAsImRlbGV0ZSI6NjAwMDAwMDAwMDAsInJlYWQiOjYwMDAwMDAwMDAwLCJ1cGRhdGUiOjYwMDAwMDAwMDAwfX0=",
          "dependencies": [
            "yandex_iam_service_account.sa"
          ]
        }
      ]
    },
    {
      "mode": "managed",
      "type": "yandex_resourcemanager_folder_iam_member",
      "name": "images-puller",
      "provider": "provider[\"registry.terraform.io/yandex-cloud/yandex\"]",
      "instances": [
        {
          "schema_version": 0,
          "attributes": {
            "folder_id": "b1g4n64su4cklrhlua4b",
            "id": "b1g4n64su4cklrhlua4b/container-registry.images.puller/serviceAccount:ajenp1mmdr69r41tldft",
            "member": "serviceAccount:ajenp1mmdr69r41tldft",
            "role": "container-registry.images.puller",
            "sleep_after": null,
            "timeouts": null
          },
          "sensitive_attributes": [],
          "private": "eyJlMmJmYjczMC1lY2FhLTExZTYtOGY4OC0zNDM2M2JjN2M0YzAiOnsiY3JlYXRlIjo2MDAwMDAwMDAwMCwiZGVmYXVsdCI6NjAwMDAwMDAwMDAsImRlbGV0ZSI6NjAwMDAwMDAwMDAsInJlYWQiOjYwMDAwMDAwMDAwLCJ1cGRhdGUiOjYwMDAwMDAwMDAwfX0=",
          "dependencies": [
            "yandex_iam_service_account.sa"
          ]
        }
      ]
    },
    {
      "mode": "managed",
      "type": "yandex_vpc_network",
      "name": "k8s-network",
      "provider": "provider[\"registry.terraform.io/yandex-cloud/yandex\"]",
      "instances": [
        {
          "schema_version": 0,
          "attributes": {
            "created_at": "2024-01-25T15:07:26Z",
            "default_security_group_id": "enpnjtgampr802qcdie4",
            "description": "",
            "folder_id": "b1g4n64su4cklrhlua4b",
            "id": "enpintm5vtf57r1fqa1k",
            "labels": {},
            "name": "k8s-network",
            "subnet_ids": [
              "e2l914kj255gonakldat",
              "e9b167hhqt6n5i7o2e0h",
              "e9boogit6nep687bec1e"
            ],
            "timeouts": null
          },
          "sensitive_attributes": [],
          "private": "eyJlMmJmYjczMC1lY2FhLTExZTYtOGY4OC0zNDM2M2JjN2M0YzAiOnsiY3JlYXRlIjo2MDAwMDAwMDAwMCwiZGVsZXRlIjo2MDAwMDAwMDAwMCwidXBkYXRlIjo2MDAwMDAwMDAwMH19"
        }
      ]
    },
    {
      "mode": "managed",
      "type": "yandex_vpc_subnet",
      "name": "k8s-subnet",
      "provider": "provider[\"registry.terraform.io/yandex-cloud/yandex\"]",
      "instances": [
        {
          "schema_version": 0,
          "attributes": {
            "created_at": "2024-01-25T15:07:27Z",
            "description": "",
            "dhcp_options": [],
            "folder_id": "b1g4n64su4cklrhlua4b",
            "id": "e2l914kj255gonakldat",
            "labels": {},
            "name": "",
            "network_id": "enpintm5vtf57r1fqa1k",
            "route_table_id": "",
            "timeouts": null,
            "v4_cidr_blocks": [
              "10.5.0.0/24"
            ],
            "v6_cidr_blocks": [],
            "zone": "ru-central1-b"
          },
          "sensitive_attributes": [],
          "private": "eyJlMmJmYjczMC1lY2FhLTExZTYtOGY4OC0zNDM2M2JjN2M0YzAiOnsiY3JlYXRlIjoxODAwMDAwMDAwMDAsImRlbGV0ZSI6MTgwMDAwMDAwMDAwLCJ1cGRhdGUiOjE4MDAwMDAwMDAwMH19",
          "dependencies": [
            "yandex_vpc_network.k8s-network"
          ]
        }
      ]
    }
  ],
  "check_results": null
}
