{
  "version": 4,
  "terraform_version": "1.5.6",
  "serial": 14,
  "lineage": "01f44f1f-e6c2-c61b-22f8-9739217feaec",
  "outputs": {},
  "resources": [
    {
      "mode": "managed",
      "type": "helm_release",
      "name": "nginx_ingress",
      "provider": "provider[\"registry.terraform.io/hashicorp/helm\"]",
      "instances": [
        {
          "status": "tainted",
          "schema_version": 1,
          "attributes": {
            "atomic": false,
            "chart": "nginx-ingress",
            "cleanup_on_fail": false,
            "create_namespace": false,
            "dependency_update": false,
            "description": null,
            "devel": null,
            "disable_crd_hooks": false,
            "disable_openapi_validation": false,
            "disable_webhooks": false,
            "force_update": false,
            "id": "nginx-ingress",
            "keyring": null,
            "lint": false,
            "manifest": null,
            "max_history": 0,
            "metadata": [
              {
                "app_version": "v0.34.1",
                "chart": "nginx-ingress",
                "name": "nginx-ingress",
                "namespace": "kube-system",
                "revision": 1,
                "values": "{}",
                "version": "1.41.3"
              }
            ],
            "name": "nginx-ingress",
            "namespace": "kube-system",
            "pass_credentials": false,
            "postrender": [],
            "recreate_pods": false,
            "render_subchart_notes": true,
            "replace": false,
            "repository": "https://charts.helm.sh/stable",
            "repository_ca_file": null,
            "repository_cert_file": null,
            "repository_key_file": null,
            "repository_password": null,
            "repository_username": null,
            "reset_values": false,
            "reuse_values": false,
            "set": [],
            "set_list": [],
            "set_sensitive": [],
            "skip_crds": false,
            "status": "failed",
            "timeout": 300,
            "values": null,
            "verify": false,
            "version": "1.41.3",
            "wait": true,
            "wait_for_jobs": false
          },
          "sensitive_attributes": [],
          "private": "eyJzY2hlbWFfdmVyc2lvbiI6IjEifQ=="
        }
      ]
    },
    {
      "mode": "managed",
      "type": "yandex_iam_service_account",
      "name": "sa",
      "provider": "provider[\"registry.terraform.io/yandex-cloud/yandex\"]",
      "instances": [
        {
          "schema_version": 0,
          "attributes": {
            "created_at": "2024-01-11T14:50:25Z",
            "description": "Service account for managing Kubernetes cluster",
            "folder_id": "b1g4n64su4cklrhlua4b",
            "id": "ajej5a3v2205rrn0e1lu",
            "name": "my-service-account",
            "timeouts": null
          },
          "sensitive_attributes": [],
          "private": "eyJlMmJmYjczMC1lY2FhLTExZTYtOGY4OC0zNDM2M2JjN2M0YzAiOnsiY3JlYXRlIjo2MDAwMDAwMDAwMCwiZGVsZXRlIjo2MDAwMDAwMDAwMCwidXBkYXRlIjo2MDAwMDAwMDAwMH19"
        }
      ]
    },
    {
      "mode": "managed",
      "type": "yandex_kubernetes_cluster",
      "name": "my-cluster",
      "provider": "provider[\"registry.terraform.io/yandex-cloud/yandex\"]",
      "instances": [
        {
          "schema_version": 0,
          "attributes": {
            "cluster_ipv4_range": "10.112.0.0/16",
            "cluster_ipv6_range": "",
            "created_at": "2024-01-11T14:53:03Z",
            "description": "My Kubernetes cluster",
            "folder_id": "b1g4n64su4cklrhlua4b",
            "health": "healthy",
            "id": "cat0jlo3dcsdnhqjgj8p",
            "kms_provider": [],
            "labels": {},
            "log_group_id": "",
            "master": [
              {
                "cluster_ca_certificate": "-----BEGIN CERTIFICATE-----\nMIIC5zCCAc+gAwIBAgIBADANBgkqhkiG9w0BAQsFADAVMRMwEQYDVQQDEwprdWJl\ncm5ldGVzMB4XDTI0MDExMTE0NTMwNVoXDTM0MDEwODE0NTMwNVowFTETMBEGA1UE\nAxMKa3ViZXJuZXRlczCCASIwDQYJKoZIhvcNAQEBBQADggEPADCCAQoCggEBAM68\n72RQ9ei+JcRnHAFATSAHl8PYNplsPbWrHjMYQyGlYVUNuCUOreUGe4QvhDY2IMAv\nybp/vZgQc4BEugNTUH0zh7aCZQ1wKq9f2q2g9BQxGdl+uC9KSJBtILCSypZqcc6d\nz3I7YKOhUMmCKJLfMKRpiHQa9T+UTkxcJaCRbvGmjjdl2mIDJJPTB+2kfcIzt47a\nYhZmpOMLy/ijIhWSnczaot4tZJA6jOJOewQsEKF6O7oDLnCiI6L8Bhv2KQIDIhW4\ncQzDzxltuZSqcvgaZU+5/GnRNqB2lxkzz/WjcRBfm35Ba4UsatCAv6/kQw1vQ+L+\n1n0BkFK7Oy1FOgXgwAECAwEAAaNCMEAwDgYDVR0PAQH/BAQDAgKkMA8GA1UdEwEB\n/wQFMAMBAf8wHQYDVR0OBBYEFLDGLLvX+KFoydepbMHHZYsQSvcdMA0GCSqGSIb3\nDQEBCwUAA4IBAQBq13eA2+01xExEA9nunkrebCoPZrMc5pGjwrkVcG+CiMZamCM0\nIbAyya9Eq9uMl+tnjOsXb1uzmXbRzMnrnIjFJ1pa4CpdWAiNbTPCweCiTFGsnoZ2\n83vabURagoStW13Z3/LwCtAb78WmGdJtQga/BrDM1gcgwyTANpycmdusok5YyOaT\nO8u9UTzjaBAtj7r+Y0fU6nzXgQk1SeMyPeBJ5sgsnu0GbDWtPFGM6NsXpXtTkkrn\nQPqqBCREIOuCjiDpWxtnBF4BmVGrHIS5wWu57KVcoIjbgT7jrNvVSWyBX8/Em3YI\nGq/w2FPJUsP37Ryh8Hd9Pt5yA/pWDW2xDwj9\n-----END CERTIFICATE-----\n",
                "etcd_cluster_size": 1,
                "external_v4_address": "84.201.176.254",
                "external_v4_endpoint": "https://84.201.176.254",
                "external_v6_address": "",
                "external_v6_endpoint": "",
                "internal_v4_address": "10.5.0.6",
                "internal_v4_endpoint": "https://10.5.0.6",
                "maintenance_policy": [
                  {
                    "auto_upgrade": true,
                    "maintenance_window": []
                  }
                ],
                "master_location": [
                  {
                    "subnet_id": "e2l9vvl9q6r2kj056vsm",
                    "zone": "ru-central1-b"
                  }
                ],
                "master_logging": [],
                "public_ip": true,
                "regional": [],
                "security_group_ids": [],
                "version": "1.26",
                "version_info": [
                  {
                    "current_version": "1.26",
                    "new_revision_available": false,
                    "new_revision_summary": "",
                    "version_deprecated": false
                  }
                ],
                "zonal": [
                  {
                    "subnet_id": "e2l9vvl9q6r2kj056vsm",
                    "zone": "ru-central1-b"
                  }
                ]
              }
            ],
            "name": "my-cluster",
            "network_id": "enpt4eicq0b3tvaebgjc",
            "network_implementation": [],
            "network_policy_provider": null,
            "node_ipv4_cidr_mask_size": 24,
            "node_service_account_id": "ajej5a3v2205rrn0e1lu",
            "release_channel": "REGULAR",
            "service_account_id": "ajej5a3v2205rrn0e1lu",
            "service_ipv4_range": "10.96.0.0/16",
            "service_ipv6_range": "",
            "status": "running",
            "timeouts": null
          },
          "sensitive_attributes": [],
          "private": "eyJlMmJmYjczMC1lY2FhLTExZTYtOGY4OC0zNDM2M2JjN2M0YzAiOnsiY3JlYXRlIjoxODAwMDAwMDAwMDAwLCJkZWxldGUiOjEyMDAwMDAwMDAwMDAsInJlYWQiOjMwMDAwMDAwMDAwMCwidXBkYXRlIjoxODAwMDAwMDAwMDAwfX0=",
          "dependencies": [
            "yandex_iam_service_account.sa",
            "yandex_resourcemanager_folder_iam_member.editor",
            "yandex_resourcemanager_folder_iam_member.images-puller",
            "yandex_vpc_network.k8s-network",
            "yandex_vpc_subnet.k8s-subnet"
          ]
        }
      ]
    },
    {
      "mode": "managed",
      "type": "yandex_kubernetes_node_group",
      "name": "testgroup",
      "provider": "provider[\"registry.terraform.io/yandex-cloud/yandex\"]",
      "instances": [
        {
          "schema_version": 0,
          "attributes": {
            "allocation_policy": [
              {
                "location": [
                  {
                    "subnet_id": "e2l9vvl9q6r2kj056vsm",
                    "zone": "ru-central1-b"
                  }
                ]
              }
            ],
            "allowed_unsafe_sysctls": [],
            "cluster_id": "cat0jlo3dcsdnhqjgj8p",
            "created_at": "2024-01-11T15:01:38Z",
            "deploy_policy": [
              {
                "max_expansion": 3,
                "max_unavailable": 0
              }
            ],
            "description": "",
            "id": "cat5qtsbk26j7eorqjuh",
            "instance_group_id": "cl10n79rsl7ud4oi1fef",
            "instance_template": [
              {
                "boot_disk": [
                  {
                    "size": 64,
                    "type": "network-hdd"
                  }
                ],
                "container_network": [
                  {
                    "pod_mtu": 0
                  }
                ],
                "container_runtime": [
                  {
                    "type": "containerd"
                  }
                ],
                "gpu_settings": [],
                "labels": {},
                "metadata": {},
                "name": "test-{instance.short_id}-{instance_group.id}",
                "nat": true,
                "network_acceleration_type": "type_unspecified",
                "network_interface": [
                  {
                    "ipv4": true,
                    "ipv4_dns_records": [],
                    "ipv6": false,
                    "ipv6_dns_records": [],
                    "nat": true,
                    "security_group_ids": [],
                    "subnet_ids": [
                      "e2l9vvl9q6r2kj056vsm"
                    ]
                  }
                ],
                "placement_policy": [],
                "platform_id": "standard-v1",
                "resources": [
                  {
                    "core_fraction": 100,
                    "cores": 2,
                    "gpus": 0,
                    "memory": 2
                  }
                ],
                "scheduling_policy": [
                  {
                    "preemptible": false
                  }
                ]
              }
            ],
            "labels": {},
            "maintenance_policy": [
              {
                "auto_repair": true,
                "auto_upgrade": true,
                "maintenance_window": []
              }
            ],
            "name": "testgroup",
            "node_labels": {},
            "node_taints": [],
            "scale_policy": [
              {
                "auto_scale": [],
                "fixed_scale": [
                  {
                    "size": 1
                  }
                ]
              }
            ],
            "status": "running",
            "timeouts": null,
            "version": "1.26",
            "version_info": [
              {
                "current_version": "1.26",
                "new_revision_available": false,
                "new_revision_summary": "",
                "version_deprecated": false
              }
            ]
          },
          "sensitive_attributes": [],
          "private": "eyJlMmJmYjczMC1lY2FhLTExZTYtOGY4OC0zNDM2M2JjN2M0YzAiOnsiY3JlYXRlIjozNjAwMDAwMDAwMDAwLCJkZWxldGUiOjEyMDAwMDAwMDAwMDAsInJlYWQiOjYwMDAwMDAwMDAwMCwidXBkYXRlIjozNjAwMDAwMDAwMDAwfX0=",
          "dependencies": [
            "yandex_iam_service_account.sa",
            "yandex_kubernetes_cluster.my-cluster",
            "yandex_resourcemanager_folder_iam_member.editor",
            "yandex_resourcemanager_folder_iam_member.images-puller",
            "yandex_vpc_network.k8s-network",
            "yandex_vpc_subnet.k8s-subnet"
          ]
        }
      ]
    },
    {
      "mode": "managed",
      "type": "yandex_resourcemanager_folder_iam_member",
      "name": "editor",
      "provider": "provider[\"registry.terraform.io/yandex-cloud/yandex\"]",
      "instances": [
        {
          "schema_version": 0,
          "attributes": {
            "folder_id": "b1g4n64su4cklrhlua4b",
            "id": "b1g4n64su4cklrhlua4b/editor/serviceAccount:ajej5a3v2205rrn0e1lu",
            "member": "serviceAccount:ajej5a3v2205rrn0e1lu",
            "role": "editor",
            "sleep_after": null,
            "timeouts": null
          },
          "sensitive_attributes": [],
          "private": "eyJlMmJmYjczMC1lY2FhLTExZTYtOGY4OC0zNDM2M2JjN2M0YzAiOnsiY3JlYXRlIjo2MDAwMDAwMDAwMCwiZGVmYXVsdCI6NjAwMDAwMDAwMDAsImRlbGV0ZSI6NjAwMDAwMDAwMDAsInJlYWQiOjYwMDAwMDAwMDAwLCJ1cGRhdGUiOjYwMDAwMDAwMDAwfX0=",
          "dependencies": [
            "yandex_iam_service_account.sa"
          ]
        }
      ]
    },
    {
      "mode": "managed",
      "type": "yandex_resourcemanager_folder_iam_member",
      "name": "images-puller",
      "provider": "provider[\"registry.terraform.io/yandex-cloud/yandex\"]",
      "instances": [
        {
          "schema_version": 0,
          "attributes": {
            "folder_id": "b1g4n64su4cklrhlua4b",
            "id": "b1g4n64su4cklrhlua4b/container-registry.images.puller/serviceAccount:ajej5a3v2205rrn0e1lu",
            "member": "serviceAccount:ajej5a3v2205rrn0e1lu",
            "role": "container-registry.images.puller",
            "sleep_after": null,
            "timeouts": null
          },
          "sensitive_attributes": [],
          "private": "eyJlMmJmYjczMC1lY2FhLTExZTYtOGY4OC0zNDM2M2JjN2M0YzAiOnsiY3JlYXRlIjo2MDAwMDAwMDAwMCwiZGVmYXVsdCI6NjAwMDAwMDAwMDAsImRlbGV0ZSI6NjAwMDAwMDAwMDAsInJlYWQiOjYwMDAwMDAwMDAwLCJ1cGRhdGUiOjYwMDAwMDAwMDAwfX0=",
          "dependencies": [
            "yandex_iam_service_account.sa"
          ]
        }
      ]
    },
    {
      "mode": "managed",
      "type": "yandex_vpc_network",
      "name": "k8s-network",
      "provider": "provider[\"registry.terraform.io/yandex-cloud/yandex\"]",
      "instances": [
        {
          "schema_version": 0,
          "attributes": {
            "created_at": "2024-01-11T14:50:25Z",
            "default_security_group_id": "enprliuc5mcpiam6sefp",
            "description": "",
            "folder_id": "b1g4n64su4cklrhlua4b",
            "id": "enpt4eicq0b3tvaebgjc",
            "labels": {},
            "name": "k8s-network",
            "subnet_ids": [
              "e2l9vvl9q6r2kj056vsm",
              "e9bful40ok4f2pnc3th7",
              "e9bko176i1r43gurobau"
            ],
            "timeouts": null
          },
          "sensitive_attributes": [],
          "private": "eyJlMmJmYjczMC1lY2FhLTExZTYtOGY4OC0zNDM2M2JjN2M0YzAiOnsiY3JlYXRlIjo2MDAwMDAwMDAwMCwiZGVsZXRlIjo2MDAwMDAwMDAwMCwidXBkYXRlIjo2MDAwMDAwMDAwMH19"
        }
      ]
    },
    {
      "mode": "managed",
      "type": "yandex_vpc_subnet",
      "name": "k8s-subnet",
      "provider": "provider[\"registry.terraform.io/yandex-cloud/yandex\"]",
      "instances": [
        {
          "schema_version": 0,
          "attributes": {
            "created_at": "2024-01-11T14:50:27Z",
            "description": "",
            "dhcp_options": [],
            "folder_id": "b1g4n64su4cklrhlua4b",
            "id": "e2l9vvl9q6r2kj056vsm",
            "labels": {},
            "name": "",
            "network_id": "enpt4eicq0b3tvaebgjc",
            "route_table_id": "",
            "timeouts": null,
            "v4_cidr_blocks": [
              "10.5.0.0/24"
            ],
            "v6_cidr_blocks": [],
            "zone": "ru-central1-b"
          },
          "sensitive_attributes": [],
          "private": "eyJlMmJmYjczMC1lY2FhLTExZTYtOGY4OC0zNDM2M2JjN2M0YzAiOnsiY3JlYXRlIjoxODAwMDAwMDAwMDAsImRlbGV0ZSI6MTgwMDAwMDAwMDAwLCJ1cGRhdGUiOjE4MDAwMDAwMDAwMH19",
          "dependencies": [
            "yandex_vpc_network.k8s-network"
          ]
        }
      ]
    }
  ],
  "check_results": null
}
