{
  "version": 4,
  "terraform_version": "1.5.6",
  "serial": 26,
  "lineage": "836dace4-0389-9bc8-b48b-c959af473409",
  "outputs": {
    "subnets": {
      "value": {
        "network1-subnet": "e9bbjrl7948m6o5112ll",
        "network2-subnet": "e9b1ednrv5tj44qd1chi"
      },
      "type": [
        "object",
        {
          "network1-subnet": "string",
          "network2-subnet": "string"
        }
      ]
    }
  },
  "resources": [
    {
      "mode": "managed",
      "type": "yandex_vpc_network",
      "name": "network",
      "provider": "provider[\"registry.terraform.io/yandex-cloud/yandex\"]",
      "instances": [
        {
          "index_key": "network1",
          "schema_version": 0,
          "attributes": {
            "created_at": "2024-01-25T13:59:48Z",
            "default_security_group_id": "enpm919e3dv9q5ard00u",
            "description": "",
            "folder_id": "b1g5vqmf4n53chda7694",
            "id": "enpp549uctdmfhu9jpbr",
            "labels": {},
            "name": "network1",
            "subnet_ids": [],
            "timeouts": null
          },
          "sensitive_attributes": [],
          "private": "eyJlMmJmYjczMC1lY2FhLTExZTYtOGY4OC0zNDM2M2JjN2M0YzAiOnsiY3JlYXRlIjo2MDAwMDAwMDAwMCwiZGVsZXRlIjo2MDAwMDAwMDAwMCwidXBkYXRlIjo2MDAwMDAwMDAwMH19"
        },
        {
          "index_key": "network2",
          "schema_version": 0,
          "attributes": {
            "created_at": "2024-01-25T13:59:50Z",
            "default_security_group_id": "enp5rf0voavig5afhprr",
            "description": "",
            "folder_id": "b1g5vqmf4n53chda7694",
            "id": "enpoekimu9530d02t62s",
            "labels": {},
            "name": "network2",
            "subnet_ids": [],
            "timeouts": null
          },
          "sensitive_attributes": [],
          "private": "eyJlMmJmYjczMC1lY2FhLTExZTYtOGY4OC0zNDM2M2JjN2M0YzAiOnsiY3JlYXRlIjo2MDAwMDAwMDAwMCwiZGVsZXRlIjo2MDAwMDAwMDAwMCwidXBkYXRlIjo2MDAwMDAwMDAwMH19"
        }
      ]
    },
    {
      "mode": "managed",
      "type": "yandex_vpc_subnet",
      "name": "subnet",
      "provider": "provider[\"registry.terraform.io/yandex-cloud/yandex\"]",
      "instances": [
        {
          "index_key": "network1",
          "schema_version": 0,
          "attributes": {
            "created_at": "2024-01-25T13:59:52Z",
            "description": "",
            "dhcp_options": [],
            "folder_id": "b1g5vqmf4n53chda7694",
            "id": "e9bbjrl7948m6o5112ll",
            "labels": {},
            "name": "network1-subnet",
            "network_id": "enpp549uctdmfhu9jpbr",
            "route_table_id": "",
            "timeouts": null,
            "v4_cidr_blocks": [
              "192.168.1.0/24"
            ],
            "v6_cidr_blocks": [],
            "zone": "ru-central1-a"
          },
          "sensitive_attributes": [],
          "private": "eyJlMmJmYjczMC1lY2FhLTExZTYtOGY4OC0zNDM2M2JjN2M0YzAiOnsiY3JlYXRlIjoxODAwMDAwMDAwMDAsImRlbGV0ZSI6MTgwMDAwMDAwMDAwLCJ1cGRhdGUiOjE4MDAwMDAwMDAwMH19",
          "dependencies": [
            "yandex_vpc_network.network"
          ]
        },
        {
          "index_key": "network2",
          "schema_version": 0,
          "attributes": {
            "created_at": "2024-01-25T13:59:53Z",
            "description": "",
            "dhcp_options": [],
            "folder_id": "b1g5vqmf4n53chda7694",
            "id": "e9b1ednrv5tj44qd1chi",
            "labels": {},
            "name": "network2-subnet",
            "network_id": "enpoekimu9530d02t62s",
            "route_table_id": "",
            "timeouts": null,
            "v4_cidr_blocks": [
              "192.168.1.0/24"
            ],
            "v6_cidr_blocks": [],
            "zone": "ru-central1-a"
          },
          "sensitive_attributes": [],
          "private": "eyJlMmJmYjczMC1lY2FhLTExZTYtOGY4OC0zNDM2M2JjN2M0YzAiOnsiY3JlYXRlIjoxODAwMDAwMDAwMDAsImRlbGV0ZSI6MTgwMDAwMDAwMDAwLCJ1cGRhdGUiOjE4MDAwMDAwMDAwMH19",
          "dependencies": [
            "yandex_vpc_network.network"
          ]
        }
      ]
    }
  ],
  "check_results": null
}
