{
  "version": 4,
  "terraform_version": "1.5.6",
  "serial": 2,
  "lineage": "b4718b6a-551a-1398-4d63-caf5a4af1622",
  "outputs": {
    "password": {
      "value": "\u0026o%R\u0026Q)KtS#Hif#p",
      "type": "string",
      "sensitive": true
    }
  },
  "resources": [
    {
      "mode": "managed",
      "type": "random_password",
      "name": "rnd",
      "provider": "provider[\"registry.terraform.io/hashicorp/random\"]",
      "instances": [
        {
          "schema_version": 3,
          "attributes": {
            "bcrypt_hash": "$2a$10$pU9JkEdWYTk6MZ1gV.0mt.Z6bnxJZ8/Ud4M9jdxKkDfSb0JWUcC5u",
            "id": "none",
            "keepers": null,
            "length": 16,
            "lower": true,
            "min_lower": 0,
            "min_numeric": 0,
            "min_special": 0,
            "min_upper": 0,
            "number": true,
            "numeric": true,
            "override_special": null,
            "result": "\u0026o%R\u0026Q)KtS#Hif#p",
            "special": true,
            "upper": true
          },
          "sensitive_attributes": []
        }
      ]
    }
  ],
  "check_results": null
}
