{
  "version": 4,
  "terraform_version": "1.5.6",
  "serial": 19,
  "lineage": "d743417e-e352-444e-5a1e-d7423f92d794",
  "outputs": {},
  "resources": [
    {
      "mode": "managed",
      "type": "local_file",
      "name": "ansible_inventory",
      "provider": "provider[\"registry.terraform.io/hashicorp/local\"]",
      "instances": [
        {
          "schema_version": 0,
          "attributes": {
            "content": "[vpn]\nvpn-vm ansible_host=158.160.124.198 ansible_user=ubuntu\n",
            "content_base64": null,
            "content_base64sha256": "S6OUxKuPdlWExpUfj+RshtdyUZWpcmgnkJXgW0sPa4A=",
            "content_base64sha512": "uH+NlhDELtP5TBND3LwYDPSj8SEcsQLeZBYLpdFtDsDk/tUiFSE2AwqKOOS3BywqTdDwKbEZfjL2OdlU0RE4kg==",
            "content_md5": "1875cc5b0c5b11d92f8bdd04d5852971",
            "content_sha1": "484fd0f8054527f8a5478dd3864fde19be6affe0",
            "content_sha256": "4ba394c4ab8f765584c6951f8fe46c86d7725195a97268279095e05b4b0f6b80",
            "content_sha512": "b87f8d9610c42ed3f94c1343dcbc180cf4a3f1211cb102de64160ba5d16d0ec0e4fed522152136030a8a38e4b7072c2a4dd0f029b1197e32f639d954d1113892",
            "directory_permission": "0777",
            "file_permission": "0777",
            "filename": "/Users/pavelkozlov/Documents/DevOps/terragrunt/vpn/dev/hosts.ini",
            "id": "484fd0f8054527f8a5478dd3864fde19be6affe0",
            "sensitive_content": null,
            "source": null
          },
          "sensitive_attributes": [],
          "dependencies": [
            "yandex_compute_instance.vm"
          ]
        }
      ]
    },
    {
      "mode": "managed",
      "type": "yandex_compute_instance",
      "name": "vm",
      "provider": "provider[\"registry.terraform.io/yandex-cloud/yandex\"]",
      "instances": [
        {
          "schema_version": 1,
          "attributes": {
            "allow_recreate": null,
            "allow_stopping_for_update": null,
            "boot_disk": [
              {
                "auto_delete": true,
                "device_name": "fhmuhg8qrm1cmlq8o09a",
                "disk_id": "fhmuhg8qrm1cmlq8o09a",
                "initialize_params": [
                  {
                    "block_size": 4096,
                    "description": "",
                    "image_id": "fd8v0s6adqu3ui3rsuap",
                    "name": "",
                    "size": 5,
                    "snapshot_id": "",
                    "type": "network-hdd"
                  }
                ],
                "mode": "READ_WRITE"
              }
            ],
            "created_at": "2024-01-25T13:59:55Z",
            "description": "",
            "filesystem": [],
            "folder_id": "b1g5vqmf4n53chda7694",
            "fqdn": "fhmggot7n81iau7phgg5.auto.internal",
            "gpu_cluster_id": "",
            "hostname": "",
            "id": "fhmggot7n81iau7phgg5",
            "labels": null,
            "local_disk": [],
            "maintenance_grace_period": "",
            "maintenance_policy": null,
            "metadata": {
              "ssh-keys": "ubuntu:ssh-rsa AAAAB3NzaC1yc2EAAAADAQABAAABgQCrsrVuhoieehrZfB1t8oeli6F4HgouucdyOsLE+O8FwO8rcOb+W/VNmDWPo1XIXno2QsjstCqA4SjY0IjBo7K0lwS/v6MvDpmrPBqeK4j1IHdl2baaLyh8DD9EVaALUVhdy6/9/yfgOhMLM5HP8RBgcCjQD231IUt8HQFY4dA5Hlg1HMjIVef+Nw1BiicLMeio5j81vfIbRRwdH4saDVu6xDi9Kr9s3DfpEIX487FZcW32BfM+My0NeagOFbK0/D5hQRrX7BgmAGyuWfo1zUPTgtqCXWP9bKdAW9lLp1fpNKgfHs1QbJFoMa2WqT2Xz9f22cz39g0qtjAygN40A6ouEOlzQd4ZlpkxOgzcsrOR9DMVkHzi9waxSz9wlF1KVXKii+Zkww1bOLvZmf6Wsd/pnU28pSZhLK+/3EQ03niqO5eogcTM+0MlT+FM4ygDsEcpVhCqHJoDaZ4gUuKvGI1sHsW79EXOBzkDZA1mN7NLQySXOB8EYPcXSRcGKf5z0gk= pavelkozlov@MacBookPro.local\n"
            },
            "metadata_options": [
              {
                "aws_v1_http_endpoint": 1,
                "aws_v1_http_token": 2,
                "gce_http_endpoint": 1,
                "gce_http_token": 1
              }
            ],
            "name": "vpn-vm",
            "network_acceleration_type": "standard",
            "network_interface": [
              {
                "dns_record": [],
                "index": 0,
                "ip_address": "192.168.1.25",
                "ipv4": true,
                "ipv6": false,
                "ipv6_address": "",
                "ipv6_dns_record": [],
                "mac_address": "d0:0d:10:86:3a:7b",
                "nat": true,
                "nat_dns_record": [],
                "nat_ip_address": "158.160.124.198",
                "nat_ip_version": "IPV4",
                "security_group_ids": [],
                "subnet_id": "e9bbjrl7948m6o5112ll"
              }
            ],
            "placement_policy": [
              {
                "host_affinity_rules": [],
                "placement_group_id": "",
                "placement_group_partition": 0
              }
            ],
            "platform_id": "standard-v1",
            "resources": [
              {
                "core_fraction": 100,
                "cores": 2,
                "gpus": 0,
                "memory": 2
              }
            ],
            "scheduling_policy": [
              {
                "preemptible": false
              }
            ],
            "secondary_disk": [],
            "service_account_id": "",
            "status": "running",
            "timeouts": null,
            "zone": "ru-central1-a"
          },
          "sensitive_attributes": [],
          "private": "eyJlMmJmYjczMC1lY2FhLTExZTYtOGY4OC0zNDM2M2JjN2M0YzAiOnsiY3JlYXRlIjozMDAwMDAwMDAwMDAsImRlbGV0ZSI6MzAwMDAwMDAwMDAwLCJ1cGRhdGUiOjMwMDAwMDAwMDAwMH0sInNjaGVtYV92ZXJzaW9uIjoiMSJ9"
        }
      ]
    }
  ],
  "check_results": null
}
