{
  "version": 4,
  "terraform_version": "1.5.6",
  "serial": 7,
  "lineage": "a3b1841e-8eaa-6e2d-817b-62de7cd66cd7",
  "outputs": {},
  "resources": [
    {
      "mode": "managed",
      "type": "yandex_compute_instance",
      "name": "vm",
      "provider": "provider[\"registry.terraform.io/yandex-cloud/yandex\"]",
      "instances": [
        {
          "status": "tainted",
          "schema_version": 1,
          "attributes": {
            "allow_recreate": null,
            "allow_stopping_for_update": null,
            "boot_disk": [
              {
                "auto_delete": true,
                "device_name": "fhmdradiss4qaoqj1nb3",
                "disk_id": "fhmdradiss4qaoqj1nb3",
                "initialize_params": [
                  {
                    "block_size": 4096,
                    "description": "",
                    "image_id": "fd8v0s6adqu3ui3rsuap",
                    "name": "",
                    "size": 5,
                    "snapshot_id": "",
                    "type": "network-hdd"
                  }
                ],
                "mode": "READ_WRITE"
              }
            ],
            "created_at": "2024-01-10T12:35:56Z",
            "description": "",
            "filesystem": [],
            "folder_id": "b1g4n64su4cklrhlua4b",
            "fqdn": "fhmujfub163fjgig5hku.auto.internal",
            "gpu_cluster_id": "",
            "hostname": "",
            "id": "fhmujfub163fjgig5hku",
            "labels": null,
            "local_disk": [],
            "metadata": {
              "ssh-keys": "ubuntu:ssh-rsa AAAAB3NzaC1yc2EAAAADAQABAAABgQCrsrVuhoieehrZfB1t8oeli6F4HgouucdyOsLE+O8FwO8rcOb+W/VNmDWPo1XIXno2QsjstCqA4SjY0IjBo7K0lwS/v6MvDpmrPBqeK4j1IHdl2baaLyh8DD9EVaALUVhdy6/9/yfgOhMLM5HP8RBgcCjQD231IUt8HQFY4dA5Hlg1HMjIVef+Nw1BiicLMeio5j81vfIbRRwdH4saDVu6xDi9Kr9s3DfpEIX487FZcW32BfM+My0NeagOFbK0/D5hQRrX7BgmAGyuWfo1zUPTgtqCXWP9bKdAW9lLp1fpNKgfHs1QbJFoMa2WqT2Xz9f22cz39g0qtjAygN40A6ouEOlzQd4ZlpkxOgzcsrOR9DMVkHzi9waxSz9wlF1KVXKii+Zkww1bOLvZmf6Wsd/pnU28pSZhLK+/3EQ03niqO5eogcTM+0MlT+FM4ygDsEcpVhCqHJoDaZ4gUuKvGI1sHsW79EXOBzkDZA1mN7NLQySXOB8EYPcXSRcGKf5z0gk= pavelkozlov@MacBookPro.local\n"
            },
            "metadata_options": [
              {
                "aws_v1_http_endpoint": 1,
                "aws_v1_http_token": 2,
                "gce_http_endpoint": 1,
                "gce_http_token": 1
              }
            ],
            "name": "testansible",
            "network_acceleration_type": "standard",
            "network_interface": [
              {
                "dns_record": [],
                "index": 0,
                "ip_address": "10.128.0.14",
                "ipv4": true,
                "ipv6": false,
                "ipv6_address": "",
                "ipv6_dns_record": [],
                "mac_address": "d0:0d:1e:9b:fc:b0",
                "nat": true,
                "nat_dns_record": [],
                "nat_ip_address": "158.160.97.151",
                "nat_ip_version": "IPV4",
                "security_group_ids": [],
                "subnet_id": "e9b6fp1ge68muuilj0if"
              }
            ],
            "placement_policy": [
              {
                "host_affinity_rules": [],
                "placement_group_id": ""
              }
            ],
            "platform_id": "standard-v1",
            "resources": [
              {
                "core_fraction": 100,
                "cores": 2,
                "gpus": 0,
                "memory": 2
              }
            ],
            "scheduling_policy": [
              {
                "preemptible": false
              }
            ],
            "secondary_disk": [],
            "service_account_id": "",
            "status": "running",
            "timeouts": null,
            "zone": "ru-central1-a"
          },
          "sensitive_attributes": [],
          "private": "eyJlMmJmYjczMC1lY2FhLTExZTYtOGY4OC0zNDM2M2JjN2M0YzAiOnsiY3JlYXRlIjozMDAwMDAwMDAwMDAsImRlbGV0ZSI6MzAwMDAwMDAwMDAwLCJ1cGRhdGUiOjMwMDAwMDAwMDAwMH0sInNjaGVtYV92ZXJzaW9uIjoiMSJ9"
        }
      ]
    }
  ],
  "check_results": null
}
