{
  "version": 4,
  "terraform_version": "1.5.6",
  "serial": 46,
  "lineage": "0fa9d7d3-5181-d09b-91e7-d21ab36f2c39",
  "outputs": {},
  "resources": [
    {
      "mode": "managed",
      "type": "proxmox_vm_qemu",
      "name": "test_server",
      "provider": "provider[\"registry.terraform.io/telmate/proxmox\"]",
      "instances": [
        {
          "index_key": 0,
          "schema_version": 0,
          "attributes": {
            "additional_wait": 15,
            "agent": 1,
            "args": "",
            "balloon": 0,
            "bios": "seabios",
            "boot": "cdn",
            "bootdisk": "scsi0",
            "bridge": "",
            "ci_wait": null,
            "cicustom": "",
            "cipassword": "",
            "ciuser": "",
            "clone": "VM 9000",
            "clone_wait": 15,
            "cloudinit_cdrom_storage": null,
            "cores": 2,
            "cpu": "host",
            "default_ipv4_address": "",
            "define_connection_info": true,
            "desc": "",
            "disk": [
              {
                "backup": 0,
                "cache": "none",
                "discard": "",
                "file": "vm-2001-disk-0",
                "format": "raw",
                "iothread": 0,
                "mbps": 0,
                "mbps_rd": 0,
                "mbps_rd_max": 0,
                "mbps_wr": 0,
                "mbps_wr_max": 0,
                "media": "",
                "replicate": 0,
                "size": "30G",
                "slot": 0,
                "ssd": 0,
                "storage": "local-lvm2",
                "storage_type": "lvm",
                "type": "scsi",
                "volume": "local-lvm2:vm-2001-disk-0"
              }
            ],
            "disk_gb": 0,
            "force_create": false,
            "force_recreate_on_change_of": null,
            "full_clone": true,
            "guest_agent_ready_timeout": 600,
            "hastate": "",
            "hotplug": "network,disk,usb",
            "id": "prox/qemu/2001",
            "ipconfig0": "ip=192.168.0.101/24,gw=192.168.0.1",
            "ipconfig1": "",
            "ipconfig2": "",
            "iso": null,
            "kvm": true,
            "mac": "",
            "memory": 2048,
            "name": "test-vm-1",
            "nameserver": "",
            "network": [
              {
                "bridge": "vmbr0",
                "firewall": false,
                "link_down": false,
                "macaddr": "B6:F5:36:BA:3F:E0",
                "model": "virtio",
                "queues": 0,
                "rate": 0,
                "tag": -1
              }
            ],
            "nic": "",
            "numa": false,
            "onboot": true,
            "os_network_config": null,
            "os_type": "cloud-init",
            "pool": "",
            "preprovision": true,
            "qemu_os": "other",
            "reboot_required": false,
            "scsihw": "virtio-scsi-pci",
            "searchdomain": "",
            "serial": [],
            "sockets": 1,
            "ssh_forward_ip": null,
            "ssh_host": "192.168.0.101",
            "ssh_port": "22",
            "ssh_private_key": null,
            "ssh_user": null,
            "sshkeys": "  ssh-rsa AAAAB3NzaC1yc2EAAAADAQABAAABgQCrsrVuhoieehrZfB1t8oeli6F4HgouucdyOsLE+O8FwO8rcOb+W/VNmDWPo1XIXno2QsjstCqA4SjY0IjBo7K0lwS/v6MvDpmrPBqeK4j1IHdl2baaLyh8DD9EVaALUVhdy6/9/yfgOhMLM5HP8RBgcCjQD231IUt8HQFY4dA5Hlg1HMjIVef+Nw1BiicLMeio5j81vfIbRRwdH4saDVu6xDi9Kr9s3DfpEIX487FZcW32BfM+My0NeagOFbK0/D5hQRrX7BgmAGyuWfo1zUPTgtqCXWP9bKdAW9lLp1fpNKgfHs1QbJFoMa2WqT2Xz9f22cz39g0qtjAygN40A6ouEOlzQd4ZlpkxOgzcsrOR9DMVkHzi9waxSz9wlF1KVXKii+Zkww1bOLvZmf6Wsd/pnU28pSZhLK+/3EQ03niqO5eogcTM+0MlT+FM4ygDsEcpVhCqHJoDaZ4gUuKvGI1sHsW79EXOBzkDZA1mN7NLQySXOB8EYPcXSRcGKf5z0gk= pavelkozlov@MacBookPro.local\n\n",
            "storage": "",
            "storage_type": "",
            "tags": "",
            "target_node": "prox",
            "unused_disk": [],
            "vcpus": 0,
            "vga": [],
            "vlan": -1,
            "vmid": 2001
          },
          "sensitive_attributes": [],
          "private": "bnVsbA=="
        }
      ]
    }
  ],
  "check_results": null
}
